
Microsoft Visual Studio Solution File, Format Version 12.00
Project("{FAE04EC0-301F-11D3-BF4B-00C04F79EFBC}") = "lr3", "lr3\lr3.csproj", "{C50214DF-D5B5-4511-892C-CA6A927EB15D}"
EndProject
Global
	GlobalSection(SolutionConfigurationPlatforms) = preSolution
		Debug|Any CPU = Debug|Any CPU
		Release|Any CPU = Release|Any CPU
	EndGlobalSection
	GlobalSection(ProjectConfigurationPlatforms) = postSolution
		{C50214DF-D5B5-4511-892C-CA6A927EB15D}.Debug|Any CPU.ActiveCfg = Debug|Any CPU
		{C50214DF-D5B5-4511-892C-CA6A927EB15D}.Debug|Any CPU.Build.0 = Debug|Any CPU
		{C50214DF-D5B5-4511-892C-CA6A927EB15D}.Release|Any CPU.ActiveCfg = Release|Any CPU
		{C50214DF-D5B5-4511-892C-CA6A927EB15D}.Release|Any CPU.Build.0 = Release|Any CPU
	EndGlobalSection
EndGlobal
